// !$*UTF8*$!
{
	archiveVersion = 1;
	classes = {
	};
	objectVersion = 46;
	objects = {

/* Begin PBXBuildFile section */
		DB4B46D51DC1CA6F002ED6AF /* main.m in Sources */ = {isa = PBXBuildFile; fileRef = DB4B46D41DC1CA6F002ED6AF /* main.m */; };
		DB4B46E21DC1CA88002ED6AF /* main.m in Sources */ = {isa = PBXBuildFile; fileRef = DB4B46E11DC1CA88002ED6AF /* main.m */; };
		DB4B46ED1DC1D31A002ED6AF /* main.m in Sources */ = {isa = PBXBuildFile; fileRef = DB4B46EC1DC1D31A002ED6AF /* main.m */; };
		DB4B46F31DC1D32A002ED6AF /* RITLPeople.m in Sources */ = {isa = PBXBuildFile; fileRef = DB4B46F21DC1D32A002ED6AF /* RITLPeople.m */; };
		DB4B46F71DC1DC22002ED6AF /* RITLPeople+Associated.m in Sources */ = {isa = PBXBuildFile; fileRef = DB4B46F61DC1DC22002ED6AF /* RITLPeople+Associated.m */; };
		DB4B46FF1DC1E20C002ED6AF /* main.m in Sources */ = {isa = PBXBuildFile; fileRef = DB4B46FE1DC1E20C002ED6AF /* main.m */; };
		DB4B47051DC1E230002ED6AF /* RITLPeople.m in Sources */ = {isa = PBXBuildFile; fileRef = DB4B47041DC1E230002ED6AF /* RITLPeople.m */; };
		DB4B470D1DC1E578002ED6AF /* main.m in Sources */ = {isa = PBXBuildFile; fileRef = DB4B470C1DC1E578002ED6AF /* main.m */; };
		DB4B47131DC1E592002ED6AF /* RITLPeople.m in Sources */ = {isa = PBXBuildFile; fileRef = DB4B47121DC1E592002ED6AF /* RITLPeople.m */; };
/* End PBXBuildFile section */

/* Begin PBXCopyFilesBuildPhase section */
		DB4B46CF1DC1CA6F002ED6AF /* CopyFiles */ = {
			isa = PBXCopyFilesBuildPhase;
			buildActionMask = 2147483647;
			dstPath = /usr/share/man/man1/;
			dstSubfolderSpec = 0;
			files = (
			);
			runOnlyForDeploymentPostprocessing = 1;
		};
		DB4B46DD1DC1CA88002ED6AF /* CopyFiles */ = {
			isa = PBXCopyFilesBuildPhase;
			buildActionMask = 2147483647;
			dstPath = /usr/share/man/man1/;
			dstSubfolderSpec = 0;
			files = (
			);
			runOnlyForDeploymentPostprocessing = 1;
		};
		DB4B46E81DC1D31A002ED6AF /* CopyFiles */ = {
			isa = PBXCopyFilesBuildPhase;
			buildActionMask = 2147483647;
			dstPath = /usr/share/man/man1/;
			dstSubfolderSpec = 0;
			files = (
			);
			runOnlyForDeploymentPostprocessing = 1;
		};
		DB4B46FA1DC1E20C002ED6AF /* CopyFiles */ = {
			isa = PBXCopyFilesBuildPhase;
			buildActionMask = 2147483647;
			dstPath = /usr/share/man/man1/;
			dstSubfolderSpec = 0;
			files = (
			);
			runOnlyForDeploymentPostprocessing = 1;
		};
		DB4B47081DC1E578002ED6AF /* CopyFiles */ = {
			isa = PBXCopyFilesBuildPhase;
			buildActionMask = 2147483647;
			dstPath = /usr/share/man/man1/;
			dstSubfolderSpec = 0;
			files = (
			);
			runOnlyForDeploymentPostprocessing = 1;
		};
/* End PBXCopyFilesBuildPhase section */

/* Begin PBXFileReference section */
		DB4B46D11DC1CA6F002ED6AF /* RITLRuntime */ = {isa = PBXFileReference; explicitFileType = "compiled.mach-o.executable"; includeInIndex = 0; path = RITLRuntime; sourceTree = BUILT_PRODUCTS_DIR; };
		DB4B46D41DC1CA6F002ED6AF /* main.m */ = {isa = PBXFileReference; lastKnownFileType = sourcecode.c.objc; path = main.m; sourceTree = "<group>"; };
		DB4B46DF1DC1CA88002ED6AF /* RITLRuntimeCreateClass */ = {isa = PBXFileReference; explicitFileType = "compiled.mach-o.executable"; includeInIndex = 0; path = RITLRuntimeCreateClass; sourceTree = BUILT_PRODUCTS_DIR; };
		DB4B46E11DC1CA88002ED6AF /* main.m */ = {isa = PBXFileReference; lastKnownFileType = sourcecode.c.objc; path = main.m; sourceTree = "<group>"; };
		DB4B46EA1DC1D31A002ED6AF /* RITLRuntimeIvalsOrPropertys */ = {isa = PBXFileReference; explicitFileType = "compiled.mach-o.executable"; includeInIndex = 0; path = RITLRuntimeIvalsOrPropertys; sourceTree = BUILT_PRODUCTS_DIR; };
		DB4B46EC1DC1D31A002ED6AF /* main.m */ = {isa = PBXFileReference; lastKnownFileType = sourcecode.c.objc; path = main.m; sourceTree = "<group>"; };
		DB4B46F11DC1D32A002ED6AF /* RITLPeople.h */ = {isa = PBXFileReference; fileEncoding = 4; lastKnownFileType = sourcecode.c.h; path = RITLPeople.h; sourceTree = "<group>"; };
		DB4B46F21DC1D32A002ED6AF /* RITLPeople.m */ = {isa = PBXFileReference; fileEncoding = 4; lastKnownFileType = sourcecode.c.objc; path = RITLPeople.m; sourceTree = "<group>"; };
		DB4B46F51DC1DC22002ED6AF /* RITLPeople+Associated.h */ = {isa = PBXFileReference; fileEncoding = 4; lastKnownFileType = sourcecode.c.h; path = "RITLPeople+Associated.h"; sourceTree = "<group>"; };
		DB4B46F61DC1DC22002ED6AF /* RITLPeople+Associated.m */ = {isa = PBXFileReference; fileEncoding = 4; lastKnownFileType = sourcecode.c.objc; path = "RITLPeople+Associated.m"; sourceTree = "<group>"; };
		DB4B46FC1DC1E20C002ED6AF /* RITLRuntimeEncode */ = {isa = PBXFileReference; explicitFileType = "compiled.mach-o.executable"; includeInIndex = 0; path = RITLRuntimeEncode; sourceTree = BUILT_PRODUCTS_DIR; };
		DB4B46FE1DC1E20C002ED6AF /* main.m */ = {isa = PBXFileReference; lastKnownFileType = sourcecode.c.objc; path = main.m; sourceTree = "<group>"; };
		DB4B47031DC1E230002ED6AF /* RITLPeople.h */ = {isa = PBXFileReference; fileEncoding = 4; lastKnownFileType = sourcecode.c.h; path = RITLPeople.h; sourceTree = "<group>"; };
		DB4B47041DC1E230002ED6AF /* RITLPeople.m */ = {isa = PBXFileReference; fileEncoding = 4; lastKnownFileType = sourcecode.c.objc; path = RITLPeople.m; sourceTree = "<group>"; };
		DB4B470A1DC1E578002ED6AF /* RITLRuntimeModel */ = {isa = PBXFileReference; explicitFileType = "compiled.mach-o.executable"; includeInIndex = 0; path = RITLRuntimeModel; sourceTree = BUILT_PRODUCTS_DIR; };
		DB4B470C1DC1E578002ED6AF /* main.m */ = {isa = PBXFileReference; lastKnownFileType = sourcecode.c.objc; path = main.m; sourceTree = "<group>"; };
		DB4B47111DC1E592002ED6AF /* RITLPeople.h */ = {isa = PBXFileReference; fileEncoding = 4; lastKnownFileType = sourcecode.c.h; path = RITLPeople.h; sourceTree = "<group>"; };
		DB4B47121DC1E592002ED6AF /* RITLPeople.m */ = {isa = PBXFileReference; fileEncoding = 4; lastKnownFileType = sourcecode.c.objc; path = RITLPeople.m; sourceTree = "<group>"; };
/* End PBXFileReference section */

/* Begin PBXFrameworksBuildPhase section */
		DB4B46CE1DC1CA6F002ED6AF /* Frameworks */ = {
			isa = PBXFrameworksBuildPhase;
			buildActionMask = 2147483647;
			files = (
			);
			runOnlyForDeploymentPostprocessing = 0;
		};
		DB4B46DC1DC1CA88002ED6AF /* Frameworks */ = {
			isa = PBXFrameworksBuildPhase;
			buildActionMask = 2147483647;
			files = (
			);
			runOnlyForDeploymentPostprocessing = 0;
		};
		DB4B46E71DC1D31A002ED6AF /* Frameworks */ = {
			isa = PBXFrameworksBuildPhase;
			buildActionMask = 2147483647;
			files = (
			);
			runOnlyForDeploymentPostprocessing = 0;
		};
		DB4B46F91DC1E20C002ED6AF /* Frameworks */ = {
			isa = PBXFrameworksBuildPhase;
			buildActionMask = 2147483647;
			files = (
			);
			runOnlyForDeploymentPostprocessing = 0;
		};
		DB4B47071DC1E578002ED6AF /* Frameworks */ = {
			isa = PBXFrameworksBuildPhase;
			buildActionMask = 2147483647;
			files = (
			);
			runOnlyForDeploymentPostprocessing = 0;
		};
/* End PBXFrameworksBuildPhase section */

/* Begin PBXGroup section */
		DB4B46C81DC1CA6F002ED6AF = {
			isa = PBXGroup;
			children = (
				DB4B46D31DC1CA6F002ED6AF /* RITLRuntime */,
				DB4B46E01DC1CA88002ED6AF /* RITLRuntimeCreateClass */,
				DB4B46EB1DC1D31A002ED6AF /* RITLRuntimeIvalsOrPropertys */,
				DB4B46FD1DC1E20C002ED6AF /* RITLRuntimeEncode */,
				DB4B470B1DC1E578002ED6AF /* RITLRuntimeModel */,
				DB4B46D21DC1CA6F002ED6AF /* Products */,
			);
			sourceTree = "<group>";
		};
		DB4B46D21DC1CA6F002ED6AF /* Products */ = {
			isa = PBXGroup;
			children = (
				DB4B46D11DC1CA6F002ED6AF /* RITLRuntime */,
				DB4B46DF1DC1CA88002ED6AF /* RITLRuntimeCreateClass */,
				DB4B46EA1DC1D31A002ED6AF /* RITLRuntimeIvalsOrPropertys */,
				DB4B46FC1DC1E20C002ED6AF /* RITLRuntimeEncode */,
				DB4B470A1DC1E578002ED6AF /* RITLRuntimeModel */,
			);
			name = Products;
			sourceTree = "<group>";
		};
		DB4B46D31DC1CA6F002ED6AF /* RITLRuntime */ = {
			isa = PBXGroup;
			children = (
				DB4B46D41DC1CA6F002ED6AF /* main.m */,
			);
			path = RITLRuntime;
			sourceTree = "<group>";
		};
		DB4B46E01DC1CA88002ED6AF /* RITLRuntimeCreateClass */ = {
			isa = PBXGroup;
			children = (
				DB4B46E11DC1CA88002ED6AF /* main.m */,
			);
			path = RITLRuntimeCreateClass;
			sourceTree = "<group>";
		};
		DB4B46EB1DC1D31A002ED6AF /* RITLRuntimeIvalsOrPropertys */ = {
			isa = PBXGroup;
			children = (
				DB4B46F41DC1DC0A002ED6AF /* Associated */,
				DB4B46F11DC1D32A002ED6AF /* RITLPeople.h */,
				DB4B46F21DC1D32A002ED6AF /* RITLPeople.m */,
				DB4B46EC1DC1D31A002ED6AF /* main.m */,
			);
			path = RITLRuntimeIvalsOrPropertys;
			sourceTree = "<group>";
		};
		DB4B46F41DC1DC0A002ED6AF /* Associated */ = {
			isa = PBXGroup;
			children = (
				DB4B46F51DC1DC22002ED6AF /* RITLPeople+Associated.h */,
				DB4B46F61DC1DC22002ED6AF /* RITLPeople+Associated.m */,
			);
			path = Associated;
			sourceTree = "<group>";
		};
		DB4B46FD1DC1E20C002ED6AF /* RITLRuntimeEncode */ = {
			isa = PBXGroup;
			children = (
				DB4B46FE1DC1E20C002ED6AF /* main.m */,
				DB4B47031DC1E230002ED6AF /* RITLPeople.h */,
				DB4B47041DC1E230002ED6AF /* RITLPeople.m */,
			);
			path = RITLRuntimeEncode;
			sourceTree = "<group>";
		};
		DB4B470B1DC1E578002ED6AF /* RITLRuntimeModel */ = {
			isa = PBXGroup;
			children = (
				DB4B47111DC1E592002ED6AF /* RITLPeople.h */,
				DB4B47121DC1E592002ED6AF /* RITLPeople.m */,
				DB4B470C1DC1E578002ED6AF /* main.m */,
			);
			path = RITLRuntimeModel;
			sourceTree = "<group>";
		};
/* End PBXGroup section */

/* Begin PBXNativeTarget section */
		DB4B46D01DC1CA6F002ED6AF /* RITLRuntime */ = {
			isa = PBXNativeTarget;
			buildConfigurationList = DB4B46D81DC1CA6F002ED6AF /* Build configuration list for PBXNativeTarget "RITLRuntime" */;
			buildPhases = (
				DB4B46CD1DC1CA6F002ED6AF /* Sources */,
				DB4B46CE1DC1CA6F002ED6AF /* Frameworks */,
				DB4B46CF1DC1CA6F002ED6AF /* CopyFiles */,
			);
			buildRules = (
			);
			dependencies = (
			);
			name = RITLRuntime;
			productName = RITLRuntime;
			productReference = DB4B46D11DC1CA6F002ED6AF /* RITLRuntime */;
			productType = "com.apple.product-type.tool";
		};
		DB4B46DE1DC1CA88002ED6AF /* RITLRuntimeCreateClass */ = {
			isa = PBXNativeTarget;
			buildConfigurationList = DB4B46E31DC1CA88002ED6AF /* Build configuration list for PBXNativeTarget "RITLRuntimeCreateClass" */;
			buildPhases = (
				DB4B46DB1DC1CA88002ED6AF /* Sources */,
				DB4B46DC1DC1CA88002ED6AF /* Frameworks */,
				DB4B46DD1DC1CA88002ED6AF /* CopyFiles */,
			);
			buildRules = (
			);
			dependencies = (
			);
			name = RITLRuntimeCreateClass;
			productName = RITLRuntimeCreateClass;
			productReference = DB4B46DF1DC1CA88002ED6AF /* RITLRuntimeCreateClass */;
			productType = "com.apple.product-type.tool";
		};
		DB4B46E91DC1D31A002ED6AF /* RITLRuntimeIvalsOrPropertys */ = {
			isa = PBXNativeTarget;
			buildConfigurationList = DB4B46EE1DC1D31A002ED6AF /* Build configuration list for PBXNativeTarget "RITLRuntimeIvalsOrPropertys" */;
			buildPhases = (
				DB4B46E61DC1D31A002ED6AF /* Sources */,
				DB4B46E71DC1D31A002ED6AF /* Frameworks */,
				DB4B46E81DC1D31A002ED6AF /* CopyFiles */,
			);
			buildRules = (
			);
			dependencies = (
			);
			name = RITLRuntimeIvalsOrPropertys;
			productName = RITLRuntimeIvalsOrPropertys;
			productReference = DB4B46EA1DC1D31A002ED6AF /* RITLRuntimeIvalsOrPropertys */;
			productType = "com.apple.product-type.tool";
		};
		DB4B46FB1DC1E20C002ED6AF /* RITLRuntimeEncode */ = {
			isa = PBXNativeTarget;
			buildConfigurationList = DB4B47021DC1E20C002ED6AF /* Build configuration list for PBXNativeTarget "RITLRuntimeEncode" */;
			buildPhases = (
				DB4B46F81DC1E20C002ED6AF /* Sources */,
				DB4B46F91DC1E20C002ED6AF /* Frameworks */,
				DB4B46FA1DC1E20C002ED6AF /* CopyFiles */,
			);
			buildRules = (
			);
			dependencies = (
			);
			name = RITLRuntimeEncode;
			productName = RITLRuntimeEncode;
			productReference = DB4B46FC1DC1E20C002ED6AF /* RITLRuntimeEncode */;
			productType = "com.apple.product-type.tool";
		};
		DB4B47091DC1E578002ED6AF /* RITLRuntimeModel */ = {
			isa = PBXNativeTarget;
			buildConfigurationList = DB4B47101DC1E578002ED6AF /* Build configuration list for PBXNativeTarget "RITLRuntimeModel" */;
			buildPhases = (
				DB4B47061DC1E578002ED6AF /* Sources */,
				DB4B47071DC1E578002ED6AF /* Frameworks */,
				DB4B47081DC1E578002ED6AF /* CopyFiles */,
			);
			buildRules = (
			);
			dependencies = (
			);
			name = RITLRuntimeModel;
			productName = RITLRuntimeModel;
			productReference = DB4B470A1DC1E578002ED6AF /* RITLRuntimeModel */;
			productType = "com.apple.product-type.tool";
		};
/* End PBXNativeTarget section */

/* Begin PBXProject section */
		DB4B46C91DC1CA6F002ED6AF /* Project object */ = {
			isa = PBXProject;
			attributes = {
				LastUpgradeCheck = 0800;
				ORGANIZATIONNAME = YueWen;
				TargetAttributes = {
					DB4B46D01DC1CA6F002ED6AF = {
						CreatedOnToolsVersion = 8.0;
						DevelopmentTeam = 8HMFNLUC68;
						ProvisioningStyle = Automatic;
					};
					DB4B46DE1DC1CA88002ED6AF = {
						CreatedOnToolsVersion = 8.0;
						DevelopmentTeam = 8HMFNLUC68;
						ProvisioningStyle = Automatic;
					};
					DB4B46E91DC1D31A002ED6AF = {
						CreatedOnToolsVersion = 8.0;
						DevelopmentTeam = 8HMFNLUC68;
						ProvisioningStyle = Automatic;
					};
					DB4B46FB1DC1E20C002ED6AF = {
						CreatedOnToolsVersion = 8.0;
						DevelopmentTeam = 8HMFNLUC68;
						ProvisioningStyle = Automatic;
					};
					DB4B47091DC1E578002ED6AF = {
						CreatedOnToolsVersion = 8.0;
						DevelopmentTeam = 8HMFNLUC68;
						ProvisioningStyle = Automatic;
					};
				};
			};
			buildConfigurationList = DB4B46CC1DC1CA6F002ED6AF /* Build configuration list for PBXProject "RITLRuntime" */;
			compatibilityVersion = "Xcode 3.2";
			developmentRegion = English;
			hasScannedForEncodings = 0;
			knownRegions = (
				en,
			);
			mainGroup = DB4B46C81DC1CA6F002ED6AF;
			productRefGroup = DB4B46D21DC1CA6F002ED6AF /* Products */;
			projectDirPath = "";
			projectRoot = "";
			targets = (
				DB4B46D01DC1CA6F002ED6AF /* RITLRuntime */,
				DB4B46DE1DC1CA88002ED6AF /* RITLRuntimeCreateClass */,
				DB4B46E91DC1D31A002ED6AF /* RITLRuntimeIvalsOrPropertys */,
				DB4B46FB1DC1E20C002ED6AF /* RITLRuntimeEncode */,
				DB4B47091DC1E578002ED6AF /* RITLRuntimeModel */,
			);
		};
/* End PBXProject section */

/* Begin PBXSourcesBuildPhase section */
		DB4B46CD1DC1CA6F002ED6AF /* Sources */ = {
			isa = PBXSourcesBuildPhase;
			buildActionMask = 2147483647;
			files = (
				DB4B46D51DC1CA6F002ED6AF /* main.m in Sources */,
			);
			runOnlyForDeploymentPostprocessing = 0;
		};
		DB4B46DB1DC1CA88002ED6AF /* Sources */ = {
			isa = PBXSourcesBuildPhase;
			buildActionMask = 2147483647;
			files = (
				DB4B46E21DC1CA88002ED6AF /* main.m in Sources */,
			);
			runOnlyForDeploymentPostprocessing = 0;
		};
		DB4B46E61DC1D31A002ED6AF /* Sources */ = {
			isa = PBXSourcesBuildPhase;
			buildActionMask = 2147483647;
			files = (
				DB4B46ED1DC1D31A002ED6AF /* main.m in Sources */,
				DB4B46F71DC1DC22002ED6AF /* RITLPeople+Associated.m in Sources */,
				DB4B46F31DC1D32A002ED6AF /* RITLPeople.m in Sources */,
			);
			runOnlyForDeploymentPostprocessing = 0;
		};
		DB4B46F81DC1E20C002ED6AF /* Sources */ = {
			isa = PBXSourcesBuildPhase;
			buildActionMask = 2147483647;
			files = (
				DB4B46FF1DC1E20C002ED6AF /* main.m in Sources */,
				DB4B47051DC1E230002ED6AF /* RITLPeople.m in Sources */,
			);
			runOnlyForDeploymentPostprocessing = 0;
		};
		DB4B47061DC1E578002ED6AF /* Sources */ = {
			isa = PBXSourcesBuildPhase;
			buildActionMask = 2147483647;
			files = (
				DB4B470D1DC1E578002ED6AF /* main.m in Sources */,
				DB4B47131DC1E592002ED6AF /* RITLPeople.m in Sources */,
			);
			runOnlyForDeploymentPostprocessing = 0;
		};
/* End PBXSourcesBuildPhase section */

/* Begin XCBuildConfiguration section */
		DB4B46D61DC1CA6F002ED6AF /* Debug */ = {
			isa = XCBuildConfiguration;
			buildSettings = {
				ALWAYS_SEARCH_USER_PATHS = NO;
				CLANG_ANALYZER_NONNULL = YES;
				CLANG_CXX_LANGUAGE_STANDARD = "gnu++0x";
				CLANG_CXX_LIBRARY = "libc++";
				CLANG_ENABLE_MODULES = YES;
				CLANG_ENABLE_OBJC_ARC = YES;
				CLANG_WARN_BOOL_CONVERSION = YES;
				CLANG_WARN_CONSTANT_CONVERSION = YES;
				CLANG_WARN_DIRECT_OBJC_ISA_USAGE = YES_ERROR;
				CLANG_WARN_DOCUMENTATION_COMMENTS = YES;
				CLANG_WARN_EMPTY_BODY = YES;
				CLANG_WARN_ENUM_CONVERSION = YES;
				CLANG_WARN_INFINITE_RECURSION = YES;
				CLANG_WARN_INT_CONVERSION = YES;
				CLANG_WARN_OBJC_ROOT_CLASS = YES_ERROR;
				CLANG_WARN_SUSPICIOUS_MOVES = YES;
				CLANG_WARN_UNREACHABLE_CODE = YES;
				CLANG_WARN__DUPLICATE_METHOD_MATCH = YES;
				CODE_SIGN_IDENTITY = "-";
				COPY_PHASE_STRIP = NO;
				DEBUG_INFORMATION_FORMAT = dwarf;
				ENABLE_STRICT_OBJC_MSGSEND = YES;
				ENABLE_TESTABILITY = YES;
				GCC_C_LANGUAGE_STANDARD = gnu99;
				GCC_DYNAMIC_NO_PIC = NO;
				GCC_NO_COMMON_BLOCKS = YES;
				GCC_OPTIMIZATION_LEVEL = 0;
				GCC_PREPROCESSOR_DEFINITIONS = (
					"DEBUG=1",
					"$(inherited)",
				);
				GCC_WARN_64_TO_32_BIT_CONVERSION = YES;
				GCC_WARN_ABOUT_RETURN_TYPE = YES_ERROR;
				GCC_WARN_UNDECLARED_SELECTOR = YES;
				GCC_WARN_UNINITIALIZED_AUTOS = YES_AGGRESSIVE;
				GCC_WARN_UNUSED_FUNCTION = YES;
				GCC_WARN_UNUSED_VARIABLE = YES;
				MACOSX_DEPLOYMENT_TARGET = 10.12;
				MTL_ENABLE_DEBUG_INFO = YES;
				ONLY_ACTIVE_ARCH = YES;
				SDKROOT = macosx;
			};
			name = Debug;
		};
		DB4B46D71DC1CA6F002ED6AF /* Release */ = {
			isa = XCBuildConfiguration;
			buildSettings = {
				ALWAYS_SEARCH_USER_PATHS = NO;
				CLANG_ANALYZER_NONNULL = YES;
				CLANG_CXX_LANGUAGE_STANDARD = "gnu++0x";
				CLANG_CXX_LIBRARY = "libc++";
				CLANG_ENABLE_MODULES = YES;
				CLANG_ENABLE_OBJC_ARC = YES;
				CLANG_WARN_BOOL_CONVERSION = YES;
				CLANG_WARN_CONSTANT_CONVERSION = YES;
				CLANG_WARN_DIRECT_OBJC_ISA_USAGE = YES_ERROR;
				CLANG_WARN_DOCUMENTATION_COMMENTS = YES;
				CLANG_WARN_EMPTY_BODY = YES;
				CLANG_WARN_ENUM_CONVERSION = YES;
				CLANG_WARN_INFINITE_RECURSION = YES;
				CLANG_WARN_INT_CONVERSION = YES;
				CLANG_WARN_OBJC_ROOT_CLASS = YES_ERROR;
				CLANG_WARN_SUSPICIOUS_MOVES = YES;
				CLANG_WARN_UNREACHABLE_CODE = YES;
				CLANG_WARN__DUPLICATE_METHOD_MATCH = YES;
				CODE_SIGN_IDENTITY = "-";
				COPY_PHASE_STRIP = NO;
				DEBUG_INFORMATION_FORMAT = "dwarf-with-dsym";
				ENABLE_NS_ASSERTIONS = NO;
				ENABLE_STRICT_OBJC_MSGSEND = YES;
				GCC_C_LANGUAGE_STANDARD = gnu99;
				GCC_NO_COMMON_BLOCKS = YES;
				GCC_WARN_64_TO_32_BIT_CONVERSION = YES;
				GCC_WARN_ABOUT_RETURN_TYPE = YES_ERROR;
				GCC_WARN_UNDECLARED_SELECTOR = YES;
				GCC_WARN_UNINITIALIZED_AUTOS = YES_AGGRESSIVE;
				GCC_WARN_UNUSED_FUNCTION = YES;
				GCC_WARN_UNUSED_VARIABLE = YES;
				MACOSX_DEPLOYMENT_TARGET = 10.12;
				MTL_ENABLE_DEBUG_INFO = NO;
				SDKROOT = macosx;
			};
			name = Release;
		};
		DB4B46D91DC1CA6F002ED6AF /* Debug */ = {
			isa = XCBuildConfiguration;
			buildSettings = {
				DEVELOPMENT_TEAM = 8HMFNLUC68;
				PRODUCT_NAME = "$(TARGET_NAME)";
			};
			name = Debug;
		};
		DB4B46DA1DC1CA6F002ED6AF /* Release */ = {
			isa = XCBuildConfiguration;
			buildSettings = {
				DEVELOPMENT_TEAM = 8HMFNLUC68;
				PRODUCT_NAME = "$(TARGET_NAME)";
			};
			name = Release;
		};
		DB4B46E41DC1CA88002ED6AF /* Debug */ = {
			isa = XCBuildConfiguration;
			buildSettings = {
				DEVELOPMENT_TEAM = 8HMFNLUC68;
				ENABLE_STRICT_OBJC_MSGSEND = NO;
				PRODUCT_NAME = "$(TARGET_NAME)";
			};
			name = Debug;
		};
		DB4B46E51DC1CA88002ED6AF /* Release */ = {
			isa = XCBuildConfiguration;
			buildSettings = {
				DEVELOPMENT_TEAM = 8HMFNLUC68;
				ENABLE_STRICT_OBJC_MSGSEND = NO;
				PRODUCT_NAME = "$(TARGET_NAME)";
			};
			name = Release;
		};
		DB4B46EF1DC1D31A002ED6AF /* Debug */ = {
			isa = XCBuildConfiguration;
			buildSettings = {
				DEVELOPMENT_TEAM = 8HMFNLUC68;
				PRODUCT_NAME = "$(TARGET_NAME)";
			};
			name = Debug;
		};
		DB4B46F01DC1D31A002ED6AF /* Release */ = {
			isa = XCBuildConfiguration;
			buildSettings = {
				DEVELOPMENT_TEAM = 8HMFNLUC68;
				PRODUCT_NAME = "$(TARGET_NAME)";
			};
			name = Release;
		};
		DB4B47001DC1E20C002ED6AF /* Debug */ = {
			isa = XCBuildConfiguration;
			buildSettings = {
				DEVELOPMENT_TEAM = 8HMFNLUC68;
				PRODUCT_NAME = "$(TARGET_NAME)";
			};
			name = Debug;
		};
		DB4B47011DC1E20C002ED6AF /* Release */ = {
			isa = XCBuildConfiguration;
			buildSettings = {
				DEVELOPMENT_TEAM = 8HMFNLUC68;
				PRODUCT_NAME = "$(TARGET_NAME)";
			};
			name = Release;
		};
		DB4B470E1DC1E578002ED6AF /* Debug */ = {
			isa = XCBuildConfiguration;
			buildSettings = {
				DEVELOPMENT_TEAM = 8HMFNLUC68;
				PRODUCT_NAME = "$(TARGET_NAME)";
			};
			name = Debug;
		};
		DB4B470F1DC1E578002ED6AF /* Release */ = {
			isa = XCBuildConfiguration;
			buildSettings = {
				DEVELOPMENT_TEAM = 8HMFNLUC68;
				PRODUCT_NAME = "$(TARGET_NAME)";
			};
			name = Release;
		};
/* End XCBuildConfiguration section */

/* Begin XCConfigurationList section */
		DB4B46CC1DC1CA6F002ED6AF /* Build configuration list for PBXProject "RITLRuntime" */ = {
			isa = XCConfigurationList;
			buildConfigurations = (
				DB4B46D61DC1CA6F002ED6AF /* Debug */,
				DB4B46D71DC1CA6F002ED6AF /* Release */,
			);
			defaultConfigurationIsVisible = 0;
			defaultConfigurationName = Release;
		};
		DB4B46D81DC1CA6F002ED6AF /* Build configuration list for PBXNativeTarget "RITLRuntime" */ = {
			isa = XCConfigurationList;
			buildConfigurations = (
				DB4B46D91DC1CA6F002ED6AF /* Debug */,
				DB4B46DA1DC1CA6F002ED6AF /* Release */,
			);
			defaultConfigurationIsVisible = 0;
			defaultConfigurationName = Release;
		};
		DB4B46E31DC1CA88002ED6AF /* Build configuration list for PBXNativeTarget "RITLRuntimeCreateClass" */ = {
			isa = XCConfigurationList;
			buildConfigurations = (
				DB4B46E41DC1CA88002ED6AF /* Debug */,
				DB4B46E51DC1CA88002ED6AF /* Release */,
			);
			defaultConfigurationIsVisible = 0;
			defaultConfigurationName = Release;
		};
		DB4B46EE1DC1D31A002ED6AF /* Build configuration list for PBXNativeTarget "RITLRuntimeIvalsOrPropertys" */ = {
			isa = XCConfigurationList;
			buildConfigurations = (
				DB4B46EF1DC1D31A002ED6AF /* Debug */,
				DB4B46F01DC1D31A002ED6AF /* Release */,
			);
			defaultConfigurationIsVisible = 0;
			defaultConfigurationName = Release;
		};
		DB4B47021DC1E20C002ED6AF /* Build configuration list for PBXNativeTarget "RITLRuntimeEncode" */ = {
			isa = XCConfigurationList;
			buildConfigurations = (
				DB4B47001DC1E20C002ED6AF /* Debug */,
				DB4B47011DC1E20C002ED6AF /* Release */,
			);
			defaultConfigurationIsVisible = 0;
			defaultConfigurationName = Release;
		};
		DB4B47101DC1E578002ED6AF /* Build configuration list for PBXNativeTarget "RITLRuntimeModel" */ = {
			isa = XCConfigurationList;
			buildConfigurations = (
				DB4B470E1DC1E578002ED6AF /* Debug */,
				DB4B470F1DC1E578002ED6AF /* Release */,
			);
			defaultConfigurationIsVisible = 0;
		};
/* End XCConfigurationList section */
	};
	rootObject = DB4B46C91DC1CA6F002ED6AF /* Project object */;
}
